
Microsoft Visual Studio Solution File, Format Version 12.00
# Visual Studio Version 17
VisualStudioVersion = 17.6.33829.357
MinimumVisualStudioVersion = 10.0.40219.1
Project("{FAE04EC0-301F-11D3-BF4B-00C04F79EFBC}") = "KiwiJuiceEasy", "KiwiJuiceEasy.csproj", "{B9D6C569-EAB6-453B-9881-CE7F6DFB3BA9}"
EndProject
Global
	GlobalSection(SolutionConfigurationPlatforms) = preSolution
		Debug|Any CPU = Debug|Any CPU
		Release|Any CPU = Release|Any CPU
	EndGlobalSection
	GlobalSection(ProjectConfigurationPlatforms) = postSolution
		{B9D6C569-EAB6-453B-9881-CE7F6DFB3BA9}.Debug|Any CPU.ActiveCfg = Debug|Any CPU
		{B9D6C569-EAB6-453B-9881-CE7F6DFB3BA9}.Debug|Any CPU.Build.0 = Debug|Any CPU
		{B9D6C569-EAB6-453B-9881-CE7F6DFB3BA9}.Release|Any CPU.ActiveCfg = Release|Any CPU
		{B9D6C569-EAB6-453B-9881-CE7F6DFB3BA9}.Release|Any CPU.Build.0 = Release|Any CPU
	EndGlobalSection
	GlobalSection(SolutionProperties) = preSolution
		HideSolutionNode = FALSE
	EndGlobalSection
	GlobalSection(ExtensibilityGlobals) = postSolution
		SolutionGuid = {7815D70D-42CB-414F-A0C2-1642DCA0DF80}
	EndGlobalSection
EndGlobal
